{
  "version": 4,
  "terraform_version": "1.9.8",
  "serial": 164,
  "lineage": "b3db45ab-a27a-9eb0-bd04-3d8d74b45cd1",
  "outputs": {
    "DB_Endpoint": {
      "value": "terraform-20241024092604376300000001.cyvknyrbolie.eu-west-2.rds.amazonaws.com",
      "type": "string"
    },
    "vm_public_ip": {
      "value": "13.41.198.59",
      "type": "string"
    }
  },
  "resources": [
    {
      "mode": "managed",
      "type": "aws_db_instance",
      "name": "adhocLab",
      "provider": "provider[\"registry.terraform.io/hashicorp/aws\"]",
      "instances": [
        {
          "schema_version": 2,
          "attributes": {
            "address": "terraform-20241024092604376300000001.cyvknyrbolie.eu-west-2.rds.amazonaws.com",
            "allocated_storage": 10,
            "allow_major_version_upgrade": null,
            "apply_immediately": false,
            "arn": "arn:aws:rds:eu-west-2:875262380810:db:terraform-20241024092604376300000001",
            "auto_minor_version_upgrade": true,
            "availability_zone": "eu-west-2b",
            "backup_retention_period": 0,
            "backup_target": "region",
            "backup_window": "04:06-04:36",
            "blue_green_update": [],
            "ca_cert_identifier": "rds-ca-rsa2048-g1",
            "character_set_name": "",
            "copy_tags_to_snapshot": false,
            "custom_iam_instance_profile": "",
            "customer_owned_ip_enabled": false,
            "db_name": "adhocLab",
            "db_subnet_group_name": "default",
            "dedicated_log_volume": false,
            "delete_automated_backups": true,
            "deletion_protection": false,
            "domain": "",
            "domain_auth_secret_arn": "",
            "domain_dns_ips": [],
            "domain_fqdn": "",
            "domain_iam_role_name": "",
            "domain_ou": "",
            "enabled_cloudwatch_logs_exports": [],
            "endpoint": "terraform-20241024092604376300000001.cyvknyrbolie.eu-west-2.rds.amazonaws.com:3306",
            "engine": "mysql",
            "engine_lifecycle_support": "open-source-rds-extended-support",
            "engine_version": "8.0",
            "engine_version_actual": "8.0.39",
            "final_snapshot_identifier": null,
            "hosted_zone_id": "Z1TTGA775OQIYO",
            "iam_database_authentication_enabled": false,
            "id": "db-NSDEUUIB4BLKPNTTJJHYBRDKQM",
            "identifier": "terraform-20241024092604376300000001",
            "identifier_prefix": "terraform-",
            "instance_class": "db.t3.micro",
            "iops": 0,
            "kms_key_id": "",
            "latest_restorable_time": "",
            "license_model": "general-public-license",
            "listener_endpoint": [],
            "maintenance_window": "wed:00:15-wed:00:45",
            "manage_master_user_password": null,
            "master_user_secret": [],
            "master_user_secret_kms_key_id": null,
            "max_allocated_storage": 0,
            "monitoring_interval": 0,
            "monitoring_role_arn": "",
            "multi_az": false,
            "nchar_character_set_name": "",
            "network_type": "IPV4",
            "option_group_name": "default:mysql-8-0",
            "parameter_group_name": "default.mysql8.0",
            "password": "Password01.",
            "performance_insights_enabled": false,
            "performance_insights_kms_key_id": "",
            "performance_insights_retention_period": 0,
            "port": 3306,
            "publicly_accessible": false,
            "replica_mode": "",
            "replicas": [],
            "replicate_source_db": "",
            "resource_id": "db-NSDEUUIB4BLKPNTTJJHYBRDKQM",
            "restore_to_point_in_time": [],
            "s3_import": [],
            "skip_final_snapshot": true,
            "snapshot_identifier": null,
            "status": "available",
            "storage_encrypted": false,
            "storage_throughput": 0,
            "storage_type": "gp2",
            "tags": {},
            "tags_all": {},
            "timeouts": null,
            "timezone": "",
            "upgrade_storage_config": null,
            "username": "noveed",
            "vpc_security_group_ids": [
              "sg-0d7a9cfb5ab5c9890"
            ]
          },
          "sensitive_attributes": [
            [
              {
                "type": "get_attr",
                "value": "password"
              }
            ]
          ],
          "private": "eyJlMmJmYjczMC1lY2FhLTExZTYtOGY4OC0zNDM2M2JjN2M0YzAiOnsiY3JlYXRlIjoyNDAwMDAwMDAwMDAwLCJkZWxldGUiOjM2MDAwMDAwMDAwMDAsInVwZGF0ZSI6NDgwMDAwMDAwMDAwMH0sInNjaGVtYV92ZXJzaW9uIjoiMiJ9",
          "dependencies": [
            "aws_security_group.rds_to_ec2"
          ]
        }
      ]
    },
    {
      "mode": "managed",
      "type": "aws_db_subnet_group",
      "name": "database",
      "provider": "provider[\"registry.terraform.io/hashicorp/aws\"]",
      "instances": [
        {
          "schema_version": 0,
          "attributes": {
            "arn": "arn:aws:rds:eu-west-2:875262380810:subgrp:database",
            "description": "Managed by Terraform",
            "id": "database",
            "name": "database",
            "name_prefix": "",
            "subnet_ids": [
              "subnet-0600bf151649b3ca8",
              "subnet-0cfa0840a3977d1c9",
              "subnet-0d2469f2ab6953abe"
            ],
            "supported_network_types": [
              "IPV4"
            ],
            "tags": {},
            "tags_all": {},
            "vpc_id": "vpc-04b28372e9bc92942"
          },
          "sensitive_attributes": [],
          "private": "bnVsbA=="
        }
      ]
    },
    {
      "mode": "managed",
      "type": "aws_instance",
      "name": "database",
      "provider": "provider[\"registry.terraform.io/hashicorp/aws\"]",
      "instances": [
        {
          "schema_version": 1,
          "attributes": {
            "ami": "ami-0e8d228ad90af673b",
            "arn": "arn:aws:ec2:eu-west-2:875262380810:instance/i-0caa20ff9be1d572b",
            "associate_public_ip_address": true,
            "availability_zone": "eu-west-2a",
            "capacity_reservation_specification": [
              {
                "capacity_reservation_preference": "open",
                "capacity_reservation_target": []
              }
            ],
            "cpu_core_count": 1,
            "cpu_options": [
              {
                "amd_sev_snp": "",
                "core_count": 1,
                "threads_per_core": 1
              }
            ],
            "cpu_threads_per_core": 1,
            "credit_specification": [
              {
                "cpu_credits": "standard"
              }
            ],
            "disable_api_stop": false,
            "disable_api_termination": false,
            "ebs_block_device": [],
            "ebs_optimized": false,
            "enclave_options": [
              {
                "enabled": false
              }
            ],
            "ephemeral_block_device": [],
            "get_password_data": false,
            "hibernation": false,
            "host_id": "",
            "host_resource_group_arn": null,
            "iam_instance_profile": "",
            "id": "i-0caa20ff9be1d572b",
            "instance_initiated_shutdown_behavior": "stop",
            "instance_lifecycle": "",
            "instance_market_options": [],
            "instance_state": "running",
            "instance_type": "t2.micro",
            "ipv6_address_count": 0,
            "ipv6_addresses": [],
            "key_name": "tfkp",
            "launch_template": [],
            "maintenance_options": [
              {
                "auto_recovery": "default"
              }
            ],
            "metadata_options": [
              {
                "http_endpoint": "enabled",
                "http_protocol_ipv6": "disabled",
                "http_put_response_hop_limit": 2,
                "http_tokens": "required",
                "instance_metadata_tags": "disabled"
              }
            ],
            "monitoring": false,
            "network_interface": [],
            "outpost_arn": "",
            "password_data": "",
            "placement_group": "",
            "placement_partition_number": 0,
            "primary_network_interface_id": "eni-05f688b20be61e774",
            "private_dns": "ip-172-31-20-236.eu-west-2.compute.internal",
            "private_dns_name_options": [
              {
                "enable_resource_name_dns_a_record": false,
                "enable_resource_name_dns_aaaa_record": false,
                "hostname_type": "ip-name"
              }
            ],
            "private_ip": "172.31.20.236",
            "public_dns": "ec2-18-171-163-40.eu-west-2.compute.amazonaws.com",
            "public_ip": "18.171.163.40",
            "root_block_device": [
              {
                "delete_on_termination": true,
                "device_name": "/dev/sda1",
                "encrypted": false,
                "iops": 3000,
                "kms_key_id": "",
                "tags": {},
                "tags_all": {},
                "throughput": 125,
                "volume_id": "vol-0380dfb8c1f9af862",
                "volume_size": 8,
                "volume_type": "gp3"
              }
            ],
            "secondary_private_ips": [],
            "security_groups": [
              "ec2_to_rds",
              "tfsg"
            ],
            "source_dest_check": true,
            "spot_instance_request_id": "",
            "subnet_id": "subnet-0cfa0840a3977d1c9",
            "tags": {},
            "tags_all": {},
            "tenancy": "default",
            "timeouts": null,
            "user_data": "3dea275e4fc9f5207fefa0bc16b9f0c3a7557806",
            "user_data_base64": null,
            "user_data_replace_on_change": true,
            "volume_tags": null,
            "vpc_security_group_ids": [
              "sg-048c166eaebff0d3b",
              "sg-0b478050ee9fddbcc"
            ]
          },
          "sensitive_attributes": [
            [
              {
                "type": "get_attr",
                "value": "ami"
              }
            ],
            [
              {
                "type": "get_attr",
                "value": "instance_type"
              }
            ]
          ],
          "private": "eyJlMmJmYjczMC1lY2FhLTExZTYtOGY4OC0zNDM2M2JjN2M0YzAiOnsiY3JlYXRlIjo2MDAwMDAwMDAwMDAsImRlbGV0ZSI6MTIwMDAwMDAwMDAwMCwicmVhZCI6OTAwMDAwMDAwMDAwLCJ1cGRhdGUiOjYwMDAwMDAwMDAwMH0sInNjaGVtYV92ZXJzaW9uIjoiMSJ9",
          "dependencies": [
            "aws_key_pair.tfkp",
            "aws_security_group.ec2_to_rds",
            "aws_security_group.tfsg",
            "tls_private_key.tls"
          ]
        }
      ]
    },
    {
      "mode": "managed",
      "type": "aws_instance",
      "name": "vpc_lab",
      "provider": "provider[\"registry.terraform.io/hashicorp/aws\"]",
      "instances": [
        {
          "schema_version": 1,
          "attributes": {
            "ami": "ami-0e8d228ad90af673b",
            "arn": "arn:aws:ec2:eu-west-2:875262380810:instance/i-0d12e1dfbe950e094",
            "associate_public_ip_address": true,
            "availability_zone": "eu-west-2b",
            "capacity_reservation_specification": [
              {
                "capacity_reservation_preference": "open",
                "capacity_reservation_target": []
              }
            ],
            "cpu_core_count": 1,
            "cpu_options": [
              {
                "amd_sev_snp": "",
                "core_count": 1,
                "threads_per_core": 1
              }
            ],
            "cpu_threads_per_core": 1,
            "credit_specification": [
              {
                "cpu_credits": "standard"
              }
            ],
            "disable_api_stop": false,
            "disable_api_termination": false,
            "ebs_block_device": [],
            "ebs_optimized": false,
            "enclave_options": [
              {
                "enabled": false
              }
            ],
            "ephemeral_block_device": [],
            "get_password_data": false,
            "hibernation": false,
            "host_id": "",
            "host_resource_group_arn": null,
            "iam_instance_profile": "",
            "id": "i-0d12e1dfbe950e094",
            "instance_initiated_shutdown_behavior": "stop",
            "instance_lifecycle": "",
            "instance_market_options": [],
            "instance_state": "running",
            "instance_type": "t2.micro",
            "ipv6_address_count": 0,
            "ipv6_addresses": [],
            "key_name": "tfkp",
            "launch_template": [],
            "maintenance_options": [
              {
                "auto_recovery": "default"
              }
            ],
            "metadata_options": [
              {
                "http_endpoint": "enabled",
                "http_protocol_ipv6": "disabled",
                "http_put_response_hop_limit": 2,
                "http_tokens": "required",
                "instance_metadata_tags": "disabled"
              }
            ],
            "monitoring": false,
            "network_interface": [],
            "outpost_arn": "",
            "password_data": "",
            "placement_group": "",
            "placement_partition_number": 0,
            "primary_network_interface_id": "eni-0e27873bbe3d2b5f4",
            "private_dns": "ip-10-10-1-232.eu-west-2.compute.internal",
            "private_dns_name_options": [
              {
                "enable_resource_name_dns_a_record": false,
                "enable_resource_name_dns_aaaa_record": false,
                "hostname_type": "ip-name"
              }
            ],
            "private_ip": "10.10.1.232",
            "public_dns": "ec2-13-41-198-59.eu-west-2.compute.amazonaws.com",
            "public_ip": "13.41.198.59",
            "root_block_device": [
              {
                "delete_on_termination": true,
                "device_name": "/dev/sda1",
                "encrypted": false,
                "iops": 3000,
                "kms_key_id": "",
                "tags": {},
                "tags_all": {},
                "throughput": 125,
                "volume_id": "vol-07f1d5fd1baa1c64d",
                "volume_size": 8,
                "volume_type": "gp3"
              }
            ],
            "secondary_private_ips": [],
            "security_groups": [],
            "source_dest_check": true,
            "spot_instance_request_id": "",
            "subnet_id": "subnet-009ff0b310cca2cdc",
            "tags": {
              "Name": "VPC LAB INSTANCE"
            },
            "tags_all": {
              "Name": "VPC LAB INSTANCE"
            },
            "tenancy": "default",
            "timeouts": null,
            "user_data": null,
            "user_data_base64": null,
            "user_data_replace_on_change": false,
            "volume_tags": null,
            "vpc_security_group_ids": [
              "sg-093771c5b1474f16a"
            ]
          },
          "sensitive_attributes": [
            [
              {
                "type": "get_attr",
                "value": "ami"
              }
            ],
            [
              {
                "type": "get_attr",
                "value": "instance_type"
              }
            ]
          ],
          "private": "eyJlMmJmYjczMC1lY2FhLTExZTYtOGY4OC0zNDM2M2JjN2M0YzAiOnsiY3JlYXRlIjo2MDAwMDAwMDAwMDAsImRlbGV0ZSI6MTIwMDAwMDAwMDAwMCwicmVhZCI6OTAwMDAwMDAwMDAwLCJ1cGRhdGUiOjYwMDAwMDAwMDAwMH0sInNjaGVtYV92ZXJzaW9uIjoiMSJ9",
          "dependencies": [
            "aws_key_pair.tfkp",
            "aws_security_group.vpc_sg",
            "aws_subnet.tf_sn2",
            "aws_vpc.tf_vpc",
            "tls_private_key.tls"
          ]
        }
      ]
    },
    {
      "mode": "managed",
      "type": "aws_internet_gateway",
      "name": "vpc_gw",
      "provider": "provider[\"registry.terraform.io/hashicorp/aws\"]",
      "instances": [
        {
          "schema_version": 0,
          "attributes": {
            "arn": "arn:aws:ec2:eu-west-2:875262380810:internet-gateway/igw-07ae5cafb51d76a17",
            "id": "igw-07ae5cafb51d76a17",
            "owner_id": "875262380810",
            "tags": {},
            "tags_all": {},
            "timeouts": null,
            "vpc_id": "vpc-05ea7f3b1b691ab4b"
          },
          "sensitive_attributes": [],
          "private": "eyJlMmJmYjczMC1lY2FhLTExZTYtOGY4OC0zNDM2M2JjN2M0YzAiOnsiY3JlYXRlIjoxMjAwMDAwMDAwMDAwLCJkZWxldGUiOjEyMDAwMDAwMDAwMDAsInVwZGF0ZSI6MTIwMDAwMDAwMDAwMH19",
          "dependencies": [
            "aws_vpc.tf_vpc"
          ]
        }
      ]
    },
    {
      "mode": "managed",
      "type": "aws_key_pair",
      "name": "tfkp",
      "provider": "provider[\"registry.terraform.io/hashicorp/aws\"]",
      "instances": [
        {
          "schema_version": 1,
          "attributes": {
            "arn": "arn:aws:ec2:eu-west-2:875262380810:key-pair/tfkp",
            "fingerprint": "4d:e9:3d:9b:17:97:ec:c4:80:03:c8:1f:2c:d4:ca:dd",
            "id": "tfkp",
            "key_name": "tfkp",
            "key_name_prefix": "",
            "key_pair_id": "key-0027bf40ddb2e3bf9",
            "key_type": "rsa",
            "public_key": "ssh-rsa AAAAB3NzaC1yc2EAAAADAQABAAACAQDELDZL/YLKFbE+xF/3vYq2dtXn3L0r3No4SeCj0Z1VOkzrNwRHEsTGBxnY2yJx/CjMPRZE96JOPsZpR9l9kPw7WcI9sxGJTQEYiam17EGHCQfcgmRt+PQ/6RSETZ++kN4wAxqlKQgupLuLcsOnmoDrZHezWjWAt6tQAMrnAghKvqNR+NqMuocPXfXlcAMpiJqsRqJbRMGWTCrrd4+mpHM8BrHFYdOgziIWPBrH/4TOFb+rGCkeu83crT+4DH1xH9FhNrjp+5s7cEP92CLJK9JqcO3S52MLdd203b6JaXfjJ5gFdO2xQFFq0C4ZgL934gOWHenteCbnFqcdwqmofcnmzqfUW/4qIjEhTIv+LkknT1GNUibgZyDCnlCQ5cj5ByxlRJ2z4SlddyQ0R5HKEJxHmw0OsH/lF1WuaLfDrnJ5q+VzfOJAO1aBKzNWriMbGU/OQ8Prz6NNrnzbxzsh0l4V0G93WDg1jWAJlhWbOgSyz08I0XP7lddATnQ8OvtmzTJNmoG3+a85BFxgYHzYU62AgPo1X3SIBvc8eiwCek4YXhi0KnA+GkrYGl2EgLRcVGsY3PRDJ3YWwOGkLYPRRF+n4WdBbz+nYx/3Swh6eyjqyixL0aIaAdlOy4IrZLQBGndr3uirwM1ChO8gD2oP4WSjECV8ZnoaVonqjCHjlRvLBw==",
            "tags": {},
            "tags_all": {}
          },
          "sensitive_attributes": [],
          "private": "eyJzY2hlbWFfdmVyc2lvbiI6IjEifQ==",
          "dependencies": [
            "tls_private_key.tls"
          ]
        }
      ]
    },
    {
      "mode": "managed",
      "type": "aws_route",
      "name": "vpc_r",
      "provider": "provider[\"registry.terraform.io/hashicorp/aws\"]",
      "instances": [
        {
          "schema_version": 0,
          "attributes": {
            "carrier_gateway_id": "",
            "core_network_arn": "",
            "destination_cidr_block": "0.0.0.0/0",
            "destination_ipv6_cidr_block": "",
            "destination_prefix_list_id": "",
            "egress_only_gateway_id": "",
            "gateway_id": "igw-07ae5cafb51d76a17",
            "id": "r-rtb-077ddce1c707285b41080289494",
            "instance_id": "",
            "instance_owner_id": "",
            "local_gateway_id": "",
            "nat_gateway_id": "",
            "network_interface_id": "",
            "origin": "CreateRoute",
            "route_table_id": "rtb-077ddce1c707285b4",
            "state": "active",
            "timeouts": null,
            "transit_gateway_id": "",
            "vpc_endpoint_id": "",
            "vpc_peering_connection_id": ""
          },
          "sensitive_attributes": [],
          "private": "eyJlMmJmYjczMC1lY2FhLTExZTYtOGY4OC0zNDM2M2JjN2M0YzAiOnsiY3JlYXRlIjozMDAwMDAwMDAwMDAsImRlbGV0ZSI6MzAwMDAwMDAwMDAwLCJ1cGRhdGUiOjEyMDAwMDAwMDAwMH19",
          "dependencies": [
            "aws_internet_gateway.vpc_gw",
            "aws_route_table.vpc_rt",
            "aws_vpc.tf_vpc"
          ]
        }
      ]
    },
    {
      "mode": "managed",
      "type": "aws_route_table",
      "name": "vpc_rt",
      "provider": "provider[\"registry.terraform.io/hashicorp/aws\"]",
      "instances": [
        {
          "schema_version": 0,
          "attributes": {
            "arn": "arn:aws:ec2:eu-west-2:875262380810:route-table/rtb-077ddce1c707285b4",
            "id": "rtb-077ddce1c707285b4",
            "owner_id": "875262380810",
            "propagating_vgws": [],
            "route": [
              {
                "carrier_gateway_id": "",
                "cidr_block": "0.0.0.0/0",
                "core_network_arn": "",
                "destination_prefix_list_id": "",
                "egress_only_gateway_id": "",
                "gateway_id": "igw-07ae5cafb51d76a17",
                "ipv6_cidr_block": "",
                "local_gateway_id": "",
                "nat_gateway_id": "",
                "network_interface_id": "",
                "transit_gateway_id": "",
                "vpc_endpoint_id": "",
                "vpc_peering_connection_id": ""
              }
            ],
            "tags": {},
            "tags_all": {},
            "timeouts": null,
            "vpc_id": "vpc-05ea7f3b1b691ab4b"
          },
          "sensitive_attributes": [],
          "private": "eyJlMmJmYjczMC1lY2FhLTExZTYtOGY4OC0zNDM2M2JjN2M0YzAiOnsiY3JlYXRlIjozMDAwMDAwMDAwMDAsImRlbGV0ZSI6MzAwMDAwMDAwMDAwLCJ1cGRhdGUiOjEyMDAwMDAwMDAwMH19",
          "dependencies": [
            "aws_vpc.tf_vpc"
          ]
        }
      ]
    },
    {
      "mode": "managed",
      "type": "aws_route_table_association",
      "name": "vpc_rta",
      "provider": "provider[\"registry.terraform.io/hashicorp/aws\"]",
      "instances": [
        {
          "schema_version": 0,
          "attributes": {
            "gateway_id": "",
            "id": "rtbassoc-08f4029f38e288c36",
            "route_table_id": "rtb-077ddce1c707285b4",
            "subnet_id": "subnet-0285bad17fb5f6d2e",
            "timeouts": null
          },
          "sensitive_attributes": [],
          "private": "eyJlMmJmYjczMC1lY2FhLTExZTYtOGY4OC0zNDM2M2JjN2M0YzAiOnsiY3JlYXRlIjozMDAwMDAwMDAwMDAsImRlbGV0ZSI6MzAwMDAwMDAwMDAwLCJ1cGRhdGUiOjEyMDAwMDAwMDAwMH19",
          "dependencies": [
            "aws_route_table.vpc_rt",
            "aws_subnet.tf_sn1",
            "aws_vpc.tf_vpc"
          ]
        }
      ]
    },
    {
      "mode": "managed",
      "type": "aws_route_table_association",
      "name": "vpc_rta_2",
      "provider": "provider[\"registry.terraform.io/hashicorp/aws\"]",
      "instances": [
        {
          "schema_version": 0,
          "attributes": {
            "gateway_id": "",
            "id": "rtbassoc-0ba20d918648529cc",
            "route_table_id": "rtb-077ddce1c707285b4",
            "subnet_id": "subnet-009ff0b310cca2cdc",
            "timeouts": null
          },
          "sensitive_attributes": [],
          "private": "eyJlMmJmYjczMC1lY2FhLTExZTYtOGY4OC0zNDM2M2JjN2M0YzAiOnsiY3JlYXRlIjozMDAwMDAwMDAwMDAsImRlbGV0ZSI6MzAwMDAwMDAwMDAwLCJ1cGRhdGUiOjEyMDAwMDAwMDAwMH19",
          "dependencies": [
            "aws_route_table.vpc_rt",
            "aws_subnet.tf_sn2",
            "aws_vpc.tf_vpc"
          ]
        }
      ]
    },
    {
      "mode": "managed",
      "type": "aws_security_group",
      "name": "ec2_to_rds",
      "provider": "provider[\"registry.terraform.io/hashicorp/aws\"]",
      "instances": [
        {
          "schema_version": 1,
          "attributes": {
            "arn": "arn:aws:ec2:eu-west-2:875262380810:security-group/sg-048c166eaebff0d3b",
            "description": "ec2_to_rds",
            "egress": [
              {
                "cidr_blocks": [
                  "0.0.0.0/0"
                ],
                "description": "",
                "from_port": 0,
                "ipv6_cidr_blocks": [],
                "prefix_list_ids": [],
                "protocol": "-1",
                "security_groups": [],
                "self": false,
                "to_port": 0
              },
              {
                "cidr_blocks": [],
                "description": "",
                "from_port": 3306,
                "ipv6_cidr_blocks": [],
                "prefix_list_ids": [],
                "protocol": "tcp",
                "security_groups": [
                  "sg-0d7a9cfb5ab5c9890"
                ],
                "self": false,
                "to_port": 3306
              }
            ],
            "id": "sg-048c166eaebff0d3b",
            "ingress": [
              {
                "cidr_blocks": [
                  "0.0.0.0/0"
                ],
                "description": "",
                "from_port": 22,
                "ipv6_cidr_blocks": [],
                "prefix_list_ids": [],
                "protocol": "tcp",
                "security_groups": [],
                "self": false,
                "to_port": 22
              },
              {
                "cidr_blocks": [
                  "0.0.0.0/0"
                ],
                "description": "",
                "from_port": 80,
                "ipv6_cidr_blocks": [],
                "prefix_list_ids": [],
                "protocol": "tcp",
                "security_groups": [],
                "self": false,
                "to_port": 80
              }
            ],
            "name": "ec2_to_rds",
            "name_prefix": "",
            "owner_id": "875262380810",
            "revoke_rules_on_delete": false,
            "tags": {},
            "tags_all": {},
            "timeouts": null,
            "vpc_id": "vpc-04b28372e9bc92942"
          },
          "sensitive_attributes": [],
          "private": "eyJlMmJmYjczMC1lY2FhLTExZTYtOGY4OC0zNDM2M2JjN2M0YzAiOnsiY3JlYXRlIjo2MDAwMDAwMDAwMDAsImRlbGV0ZSI6OTAwMDAwMDAwMDAwfSwic2NoZW1hX3ZlcnNpb24iOiIxIn0="
        }
      ]
    },
    {
      "mode": "managed",
      "type": "aws_security_group",
      "name": "rds_to_ec2",
      "provider": "provider[\"registry.terraform.io/hashicorp/aws\"]",
      "instances": [
        {
          "schema_version": 1,
          "attributes": {
            "arn": "arn:aws:ec2:eu-west-2:875262380810:security-group/sg-0d7a9cfb5ab5c9890",
            "description": "rds_to_ec2",
            "egress": [],
            "id": "sg-0d7a9cfb5ab5c9890",
            "ingress": [
              {
                "cidr_blocks": [],
                "description": "",
                "from_port": 3306,
                "ipv6_cidr_blocks": [],
                "prefix_list_ids": [],
                "protocol": "tcp",
                "security_groups": [
                  "sg-048c166eaebff0d3b"
                ],
                "self": false,
                "to_port": 3306
              }
            ],
            "name": "rds_to_ec2",
            "name_prefix": "",
            "owner_id": "875262380810",
            "revoke_rules_on_delete": false,
            "tags": {},
            "tags_all": {},
            "timeouts": null,
            "vpc_id": "vpc-04b28372e9bc92942"
          },
          "sensitive_attributes": [],
          "private": "eyJlMmJmYjczMC1lY2FhLTExZTYtOGY4OC0zNDM2M2JjN2M0YzAiOnsiY3JlYXRlIjo2MDAwMDAwMDAwMDAsImRlbGV0ZSI6OTAwMDAwMDAwMDAwfSwic2NoZW1hX3ZlcnNpb24iOiIxIn0="
        }
      ]
    },
    {
      "mode": "managed",
      "type": "aws_security_group",
      "name": "tfsg",
      "provider": "provider[\"registry.terraform.io/hashicorp/aws\"]",
      "instances": [
        {
          "schema_version": 1,
          "attributes": {
            "arn": "arn:aws:ec2:eu-west-2:875262380810:security-group/sg-0b478050ee9fddbcc",
            "description": "terraform_security_group",
            "egress": [
              {
                "cidr_blocks": [
                  "0.0.0.0/0"
                ],
                "description": "",
                "from_port": 0,
                "ipv6_cidr_blocks": [],
                "prefix_list_ids": [],
                "protocol": "-1",
                "security_groups": [],
                "self": false,
                "to_port": 0
              }
            ],
            "id": "sg-0b478050ee9fddbcc",
            "ingress": [
              {
                "cidr_blocks": [
                  "0.0.0.0/0"
                ],
                "description": "",
                "from_port": 22,
                "ipv6_cidr_blocks": [],
                "prefix_list_ids": [],
                "protocol": "tcp",
                "security_groups": [],
                "self": false,
                "to_port": 22
              }
            ],
            "name": "tfsg",
            "name_prefix": "",
            "owner_id": "875262380810",
            "revoke_rules_on_delete": false,
            "tags": {},
            "tags_all": {},
            "timeouts": null,
            "vpc_id": "vpc-04b28372e9bc92942"
          },
          "sensitive_attributes": [],
          "private": "eyJlMmJmYjczMC1lY2FhLTExZTYtOGY4OC0zNDM2M2JjN2M0YzAiOnsiY3JlYXRlIjo2MDAwMDAwMDAwMDAsImRlbGV0ZSI6OTAwMDAwMDAwMDAwfSwic2NoZW1hX3ZlcnNpb24iOiIxIn0="
        }
      ]
    },
    {
      "mode": "managed",
      "type": "aws_security_group",
      "name": "vpc_sg",
      "provider": "provider[\"registry.terraform.io/hashicorp/aws\"]",
      "instances": [
        {
          "schema_version": 1,
          "attributes": {
            "arn": "arn:aws:ec2:eu-west-2:875262380810:security-group/sg-093771c5b1474f16a",
            "description": "vpc_security_group",
            "egress": [
              {
                "cidr_blocks": [
                  "0.0.0.0/0"
                ],
                "description": "",
                "from_port": 0,
                "ipv6_cidr_blocks": [],
                "prefix_list_ids": [],
                "protocol": "-1",
                "security_groups": [],
                "self": false,
                "to_port": 0
              }
            ],
            "id": "sg-093771c5b1474f16a",
            "ingress": [
              {
                "cidr_blocks": [
                  "0.0.0.0/0"
                ],
                "description": "",
                "from_port": 22,
                "ipv6_cidr_blocks": [],
                "prefix_list_ids": [],
                "protocol": "tcp",
                "security_groups": [],
                "self": false,
                "to_port": 22
              }
            ],
            "name": "vpc_sg",
            "name_prefix": "",
            "owner_id": "875262380810",
            "revoke_rules_on_delete": false,
            "tags": {},
            "tags_all": {},
            "timeouts": null,
            "vpc_id": "vpc-05ea7f3b1b691ab4b"
          },
          "sensitive_attributes": [],
          "private": "eyJlMmJmYjczMC1lY2FhLTExZTYtOGY4OC0zNDM2M2JjN2M0YzAiOnsiY3JlYXRlIjo2MDAwMDAwMDAwMDAsImRlbGV0ZSI6OTAwMDAwMDAwMDAwfSwic2NoZW1hX3ZlcnNpb24iOiIxIn0=",
          "dependencies": [
            "aws_vpc.tf_vpc"
          ]
        }
      ]
    },
    {
      "mode": "managed",
      "type": "aws_security_group_rule",
      "name": "ec2_rds",
      "provider": "provider[\"registry.terraform.io/hashicorp/aws\"]",
      "instances": [
        {
          "schema_version": 2,
          "attributes": {
            "cidr_blocks": null,
            "description": null,
            "from_port": 3306,
            "id": "sgrule-2095389782",
            "ipv6_cidr_blocks": null,
            "prefix_list_ids": null,
            "protocol": "tcp",
            "security_group_id": "sg-048c166eaebff0d3b",
            "security_group_rule_id": "sgr-0a9feb441888eed1b",
            "self": false,
            "source_security_group_id": "sg-0d7a9cfb5ab5c9890",
            "timeouts": null,
            "to_port": 3306,
            "type": "egress"
          },
          "sensitive_attributes": [],
          "private": "eyJlMmJmYjczMC1lY2FhLTExZTYtOGY4OC0zNDM2M2JjN2M0YzAiOnsiY3JlYXRlIjozMDAwMDAwMDAwMDB9LCJzY2hlbWFfdmVyc2lvbiI6IjIifQ==",
          "dependencies": [
            "aws_security_group.ec2_to_rds",
            "aws_security_group.rds_to_ec2"
          ]
        }
      ]
    },
    {
      "mode": "managed",
      "type": "aws_security_group_rule",
      "name": "rds_ec2",
      "provider": "provider[\"registry.terraform.io/hashicorp/aws\"]",
      "instances": [
        {
          "schema_version": 2,
          "attributes": {
            "cidr_blocks": null,
            "description": null,
            "from_port": 3306,
            "id": "sgrule-1954833953",
            "ipv6_cidr_blocks": null,
            "prefix_list_ids": null,
            "protocol": "tcp",
            "security_group_id": "sg-0d7a9cfb5ab5c9890",
            "security_group_rule_id": "sgr-030361d57da2c2b4b",
            "self": false,
            "source_security_group_id": "sg-048c166eaebff0d3b",
            "timeouts": null,
            "to_port": 3306,
            "type": "ingress"
          },
          "sensitive_attributes": [],
          "private": "eyJlMmJmYjczMC1lY2FhLTExZTYtOGY4OC0zNDM2M2JjN2M0YzAiOnsiY3JlYXRlIjozMDAwMDAwMDAwMDB9LCJzY2hlbWFfdmVyc2lvbiI6IjIifQ==",
          "dependencies": [
            "aws_security_group.ec2_to_rds",
            "aws_security_group.rds_to_ec2"
          ]
        }
      ]
    },
    {
      "mode": "managed",
      "type": "aws_subnet",
      "name": "tf_sn1",
      "provider": "provider[\"registry.terraform.io/hashicorp/aws\"]",
      "instances": [
        {
          "schema_version": 1,
          "attributes": {
            "arn": "arn:aws:ec2:eu-west-2:875262380810:subnet/subnet-0285bad17fb5f6d2e",
            "assign_ipv6_address_on_creation": false,
            "availability_zone": "eu-west-2a",
            "availability_zone_id": "euw2-az2",
            "cidr_block": "10.10.0.0/24",
            "customer_owned_ipv4_pool": "",
            "enable_dns64": false,
            "enable_lni_at_device_index": 0,
            "enable_resource_name_dns_a_record_on_launch": false,
            "enable_resource_name_dns_aaaa_record_on_launch": false,
            "id": "subnet-0285bad17fb5f6d2e",
            "ipv6_cidr_block": "",
            "ipv6_cidr_block_association_id": "",
            "ipv6_native": false,
            "map_customer_owned_ip_on_launch": false,
            "map_public_ip_on_launch": true,
            "outpost_arn": "",
            "owner_id": "875262380810",
            "private_dns_hostname_type_on_launch": "ip-name",
            "tags": {},
            "tags_all": {},
            "timeouts": null,
            "vpc_id": "vpc-05ea7f3b1b691ab4b"
          },
          "sensitive_attributes": [],
          "private": "eyJlMmJmYjczMC1lY2FhLTExZTYtOGY4OC0zNDM2M2JjN2M0YzAiOnsiY3JlYXRlIjo2MDAwMDAwMDAwMDAsImRlbGV0ZSI6MTIwMDAwMDAwMDAwMH0sInNjaGVtYV92ZXJzaW9uIjoiMSJ9",
          "dependencies": [
            "aws_vpc.tf_vpc"
          ]
        }
      ]
    },
    {
      "mode": "managed",
      "type": "aws_subnet",
      "name": "tf_sn2",
      "provider": "provider[\"registry.terraform.io/hashicorp/aws\"]",
      "instances": [
        {
          "schema_version": 1,
          "attributes": {
            "arn": "arn:aws:ec2:eu-west-2:875262380810:subnet/subnet-009ff0b310cca2cdc",
            "assign_ipv6_address_on_creation": false,
            "availability_zone": "eu-west-2b",
            "availability_zone_id": "euw2-az3",
            "cidr_block": "10.10.1.0/24",
            "customer_owned_ipv4_pool": "",
            "enable_dns64": false,
            "enable_lni_at_device_index": 0,
            "enable_resource_name_dns_a_record_on_launch": false,
            "enable_resource_name_dns_aaaa_record_on_launch": false,
            "id": "subnet-009ff0b310cca2cdc",
            "ipv6_cidr_block": "",
            "ipv6_cidr_block_association_id": "",
            "ipv6_native": false,
            "map_customer_owned_ip_on_launch": false,
            "map_public_ip_on_launch": true,
            "outpost_arn": "",
            "owner_id": "875262380810",
            "private_dns_hostname_type_on_launch": "ip-name",
            "tags": {},
            "tags_all": {},
            "timeouts": null,
            "vpc_id": "vpc-05ea7f3b1b691ab4b"
          },
          "sensitive_attributes": [],
          "private": "eyJlMmJmYjczMC1lY2FhLTExZTYtOGY4OC0zNDM2M2JjN2M0YzAiOnsiY3JlYXRlIjo2MDAwMDAwMDAwMDAsImRlbGV0ZSI6MTIwMDAwMDAwMDAwMH0sInNjaGVtYV92ZXJzaW9uIjoiMSJ9",
          "dependencies": [
            "aws_vpc.tf_vpc"
          ]
        }
      ]
    },
    {
      "mode": "managed",
      "type": "aws_vpc",
      "name": "tf_vpc",
      "provider": "provider[\"registry.terraform.io/hashicorp/aws\"]",
      "instances": [
        {
          "schema_version": 1,
          "attributes": {
            "arn": "arn:aws:ec2:eu-west-2:875262380810:vpc/vpc-05ea7f3b1b691ab4b",
            "assign_generated_ipv6_cidr_block": false,
            "cidr_block": "10.10.0.0/20",
            "default_network_acl_id": "acl-0e9c58322855857a1",
            "default_route_table_id": "rtb-0f5029afbc9c04ecb",
            "default_security_group_id": "sg-0dab8b4611be563bf",
            "dhcp_options_id": "dopt-046ed67ca1cc5d8c2",
            "enable_dns_hostnames": true,
            "enable_dns_support": true,
            "enable_network_address_usage_metrics": false,
            "id": "vpc-05ea7f3b1b691ab4b",
            "instance_tenancy": "default",
            "ipv4_ipam_pool_id": null,
            "ipv4_netmask_length": null,
            "ipv6_association_id": "",
            "ipv6_cidr_block": "",
            "ipv6_cidr_block_network_border_group": "",
            "ipv6_ipam_pool_id": "",
            "ipv6_netmask_length": 0,
            "main_route_table_id": "rtb-0f5029afbc9c04ecb",
            "owner_id": "875262380810",
            "tags": {},
            "tags_all": {}
          },
          "sensitive_attributes": [],
          "private": "eyJzY2hlbWFfdmVyc2lvbiI6IjEifQ=="
        }
      ]
    },
    {
      "mode": "managed",
      "type": "local_file",
      "name": "ssh",
      "provider": "provider[\"registry.terraform.io/hashicorp/local\"]",
      "instances": [
        {
          "schema_version": 0,
          "attributes": {
            "content": "-----BEGIN RSA PRIVATE KEY-----\nMIIJKQIBAAKCAgEAxCw2S/2CyhWxPsRf972KtnbV59y9K9zaOEngo9GdVTpM6zcE\nRxLExgcZ2NsicfwozD0WRPeiTj7GaUfZfZD8O1nCPbMRiU0BGImptexBhwkH3IJk\nbfj0P+kUhE2fvpDeMAMapSkILqS7i3LDp5qA62R3s1o1gLerUADK5wIISr6jUfja\njLqHD1315XADKYiarEaiW0TBlkwq63ePpqRzPAaxxWHToM4iFjwax/+EzhW/qxgp\nHrvN3K0/uAx9cR/RYTa46fubO3BD/dgiySvSanDt0udjC3XdtN2+iWl34yeYBXTt\nsUBRatAuGYC/d+IDlh3p7Xgm5xanHcKpqH3J5s6n1Fv+KiIxIUyL/i5JJ09RjVIm\n4Gcgwp5QkOXI+QcsZUSds+EpXXckNEeRyhCcR5sNDrB/5RdVrmi3w65yeavlc3zi\nQDtWgSszVq4jGxlPzkPD68+jTa5828c7IdJeFdBvd1g4NY1gCZYVmzoEss9PCNFz\n+5XXQE50PDr7Zs0yTZqBt/mvOQRcYGB82FOtgID6NV90iAb3PHosAnpOGF4YtCpw\nPhpK2BpdhIC0XFRrGNz0Qyd2FsDhpC2D0URfp+FnQW8/p2Mf90sIenso6sosS9Gi\nGgHZTsuCK2S0ARp3a97oq8DNQoTvIA9qD+FkoxAlfGZ6GlaJ6owh45UbywcCAwEA\nAQKCAgAJk1rnJK3ArYRkWvOQRTlDJNPWKIk3XeVs//YuKOo0Ic9lX98elQTz4Z7a\nXf/1bmiTZ5vxq+DJTvkiZHZyUaRuRThdCKOffxnBl96n2attKvyuP9MlJxTNFdSB\njMRyaeHemBgx3anflPzulqCESt9mHhZVs96OtOhw1EkTM58x/tI8Cxin6+bx0hVR\nqMEOwvNB24TLTbThYEBsE/74FGjnkjAVQWwyGj3BthdckdVqtdcQQ/Kl5GbtEavd\nkQaCghoXU7N9AGIYaad3+ZfhF/mCZpbFR7Qm+A7laDmHvZUzilg6U/XSRCB1RUoq\nxoUSFf800ar8g3Pqrclkg38CkXlMbAMPC0Dy8WkI1W2zhYbHsPlDCKo6c7qcuHmL\nFYxhA60q9AUotU3XKhhYxc/vSkP5J5boXYnIJcfJ3EDjSJlKUlVsITNw/Evvo7Et\nqQJhIQU/VAPQx/d3YL4nZi1Z1KG+qh1jMVLfKILWcDV54wNFsFoQl4hdPiuHWOsJ\n/VL9GxWVp00CWvumXe5DKzevqdw/AqUXA8XksoYAQDnSwWDW7CK3sYLAb9jyNVcs\n5dbNmRRU3DXv7Wzh5cGSLey0yDURf3i6xILfJDbaxXfqpWb3R7X9JAzSpXmePe++\n4QJZXNliIQ0IX8A4aqlq/nCWtv0m7dv6JYSjkM8C96N3SGY7MQKCAQEA4fT+/9qz\nTEQkB92BDHsTh5ASKrRqFOBWPVwgxuDWNdzQQws9RorGZ8ALjFuhFPf3scjpnwIa\n8ync6IUVuXKuoLJv9i7+xdjNEDEW89856oZw1m3/m1zyOybrplFiyYYVEQ2nlcO2\nZ1oT+1ZeoLPWBWmCXAIyrL7sz3Jt79YKNDwZXHrxJrphXd7hTfdSOUSxpYSQaNOi\nCZ8vJnDbpLV3UJOVzEclhvfHrDR+mkGY0zbmOMfYTgU88hDf/yKu8R7KSMi23/Dm\nPZYVtM5h3zse0gghqb1J0VO1DfRsSBpYOo10Y+gobkxWaS8emHcoZXaokmtATgHN\nAJswbBaCf1+vHwKCAQEA3kFu+6EB+GsW1tgvkdDcV7l6XBUkx3uvl8A3iSSXAm6A\nWDrwC32pjRHS7ofv/TilF8F3ss9cONKehX/w0amIVT4uIS7MpLZJTUdxP4DteX/0\nQNSJ3vLIloEPZFBq7f1FVxr2/rVwO7XbwK+LTetqJJWqLqA3n1SLKGOakX1a1MPj\nqpE/V6MwWgQXKVcebVKSSXxky1ejS6Hu5kA8GtmqVnObWT5Oi18QP1CdyVfXHsde\nXyDNfb9UWubbv7bIyL334ZV6shE+OAZSPHa+9KCtle3W7T0GbDMJki5fGfDv68co\nV0xDPVRVwDbzT8UeGE8iqaswiEgzSq7OFFN88cMvGQKCAQB7XzCH9BpnruDZZoja\njqy4HOK+bGlrYp3TvOSskgCDwj/4Cz/2rzjrVwE3LqSB9W5JpQBh8F1UnWvfjSKy\ncbqFRUg6a6hx0BEPIS5+E0jlE2iyu7aPVq1vvK13zwIYNFx2RjVVYVnLjnRQi/T4\n25gktloV8KFIjqpwDfOWuxAxOwtB4mKfGa6l+VadIkfDuw0f6YSLp9nWVRMCcyaK\nBQbTePGWatZDnjBohvUFNoHB+Ty0jfE9kECZjrsu6/oG7x/Vo7muBjNANx087l6j\n6vzGAuiWbCLM51548xbYO4Im3itJjW3d41Je9fpHlu/4jlQ2NdcTgIo1JYbHzXaN\nI2pTAoIBAQCLhzqcX+Tzxo8NC6U5foyFyhxF6MQxM7X1p6d1wnHHBgYu3blLDXW+\n6TypoM+KAeCq/DsgF0vHJHp+RuaxSSQcl6+wB0hT81grWrl+63qqNyjo9kUjoPlK\nevVlvZKTm9fHKld7af5ujenKmqnyneMB2q9/G/gvX40JKxajVbYLMnsf3pWMeBdn\nu3+q5VVlvlu2JJDGk1shpSRsilDxbkqggW06ZoI6vtBdX0ffWfTkDrdxMw+ubMoR\nUzMLtT1xwMj4ZrYjSe3skBNagBW7T5AKOskeIJyCmrvceJ4dlAOa2mm5/FeODf7T\nb+vp3U7aZfvV1nHebK0+qmUXn54lzKopAoIBAQDP2mMLhUYzYdTS48naZUtFbpn2\nhvuEhOmFiDEjH7fVs/Q84dMIuttyRhPm2dfwzbgAVX1wXjaGLEy0arBG0fnDsuwe\nhnV2FPYlCuqrxYO/sx8KSnLtiPbYdRQc2AINW6j+j8RUnqjZPXoCXAZS3Qs5bpwd\nnEHhHbKNDfLAA/3GVMDYP59fmyc/0Px2FYEI0ZB5rtn+mZBxHLzlb7mnJZBxnbG9\nq+VODyK1Gq3Vmdzy7Gh5tCnaaoSt7L71t5OJ/mCKpN/XXhBa+/B+V5NsaOuFMMWQ\nfkiC1mllBDrdaqWxaiFzFyAsPFu6xSXvgRh8IT++kzdq7JFzezLXELXSug3X\n-----END RSA PRIVATE KEY-----\n",
            "content_base64": null,
            "content_base64sha256": "IHhzlWwRlOPMBjMF2Szjja9hBuByJab5fHQPuQUc/I4=",
            "content_base64sha512": "kj+KtUsQKnJXc0I2MTgLoIchxoysJ2eQOG3E0aZcKFt05oj5ifV8x8Ia6g2OAFXIaQxRk16mouAJOSNaMgw+PQ==",
            "content_md5": "db41545692754f098a630c0009112d30",
            "content_sha1": "4eaae582aa0e72f851c41ad84288391a83dd275b",
            "content_sha256": "207873956c1194e3cc063305d92ce38daf6106e07225a6f97c740fb9051cfc8e",
            "content_sha512": "923f8ab54b102a725773423631380ba08721c68cac276790386dc4d1a65c285b74e688f989f57cc7c21aea0d8e0055c8690c51935ea6a2e00939235a320c3e3d",
            "directory_permission": "0777",
            "file_permission": "400",
            "filename": "ssh_key",
            "id": "4eaae582aa0e72f851c41ad84288391a83dd275b",
            "sensitive_content": null,
            "source": null
          },
          "sensitive_attributes": [
            [
              {
                "type": "get_attr",
                "value": "sensitive_content"
              }
            ],
            [
              {
                "type": "get_attr",
                "value": "content"
              }
            ]
          ],
          "dependencies": [
            "tls_private_key.tls"
          ]
        }
      ]
    },
    {
      "mode": "managed",
      "type": "tls_private_key",
      "name": "tls",
      "provider": "provider[\"registry.terraform.io/hashicorp/tls\"]",
      "instances": [
        {
          "schema_version": 1,
          "attributes": {
            "algorithm": "RSA",
            "ecdsa_curve": "P224",
            "id": "01fa7b4f20c9723b2138d8bc16c9a556f80e80fd",
            "private_key_openssh": "-----BEGIN OPENSSH PRIVATE KEY-----\nb3BlbnNzaC1rZXktdjEAAAAABG5vbmUAAAAEbm9uZQAAAAAAAAABAAACFwAAAAdz\nc2gtcnNhAAAAAwEAAQAAAgEAxCw2S/2CyhWxPsRf972KtnbV59y9K9zaOEngo9Gd\nVTpM6zcERxLExgcZ2NsicfwozD0WRPeiTj7GaUfZfZD8O1nCPbMRiU0BGImptexB\nhwkH3IJkbfj0P+kUhE2fvpDeMAMapSkILqS7i3LDp5qA62R3s1o1gLerUADK5wII\nSr6jUfjajLqHD1315XADKYiarEaiW0TBlkwq63ePpqRzPAaxxWHToM4iFjwax/+E\nzhW/qxgpHrvN3K0/uAx9cR/RYTa46fubO3BD/dgiySvSanDt0udjC3XdtN2+iWl3\n4yeYBXTtsUBRatAuGYC/d+IDlh3p7Xgm5xanHcKpqH3J5s6n1Fv+KiIxIUyL/i5J\nJ09RjVIm4Gcgwp5QkOXI+QcsZUSds+EpXXckNEeRyhCcR5sNDrB/5RdVrmi3w65y\neavlc3ziQDtWgSszVq4jGxlPzkPD68+jTa5828c7IdJeFdBvd1g4NY1gCZYVmzoE\nss9PCNFz+5XXQE50PDr7Zs0yTZqBt/mvOQRcYGB82FOtgID6NV90iAb3PHosAnpO\nGF4YtCpwPhpK2BpdhIC0XFRrGNz0Qyd2FsDhpC2D0URfp+FnQW8/p2Mf90sIenso\n6sosS9GiGgHZTsuCK2S0ARp3a97oq8DNQoTvIA9qD+FkoxAlfGZ6GlaJ6owh45Ub\nywcAAAc4Smp9ZEpqfWQAAAAHc3NoLXJzYQAAAgEAxCw2S/2CyhWxPsRf972KtnbV\n59y9K9zaOEngo9GdVTpM6zcERxLExgcZ2NsicfwozD0WRPeiTj7GaUfZfZD8O1nC\nPbMRiU0BGImptexBhwkH3IJkbfj0P+kUhE2fvpDeMAMapSkILqS7i3LDp5qA62R3\ns1o1gLerUADK5wIISr6jUfjajLqHD1315XADKYiarEaiW0TBlkwq63ePpqRzPAax\nxWHToM4iFjwax/+EzhW/qxgpHrvN3K0/uAx9cR/RYTa46fubO3BD/dgiySvSanDt\n0udjC3XdtN2+iWl34yeYBXTtsUBRatAuGYC/d+IDlh3p7Xgm5xanHcKpqH3J5s6n\n1Fv+KiIxIUyL/i5JJ09RjVIm4Gcgwp5QkOXI+QcsZUSds+EpXXckNEeRyhCcR5sN\nDrB/5RdVrmi3w65yeavlc3ziQDtWgSszVq4jGxlPzkPD68+jTa5828c7IdJeFdBv\nd1g4NY1gCZYVmzoEss9PCNFz+5XXQE50PDr7Zs0yTZqBt/mvOQRcYGB82FOtgID6\nNV90iAb3PHosAnpOGF4YtCpwPhpK2BpdhIC0XFRrGNz0Qyd2FsDhpC2D0URfp+Fn\nQW8/p2Mf90sIenso6sosS9GiGgHZTsuCK2S0ARp3a97oq8DNQoTvIA9qD+FkoxAl\nfGZ6GlaJ6owh45UbywcAAAADAQABAAACAAmTWuckrcCthGRa85BFOUMk09YoiTdd\n5Wz/9i4o6jQhz2Vf3x6VBPPhntpd//VuaJNnm/Gr4MlO+SJkdnJRpG5FOF0Io59/\nGcGX3qfZq20q/K4/0yUnFM0V1IGMxHJp4d6YGDHdqd+U/O6WoIRK32YeFlWz3o60\n6HDUSRMznzH+0jwLGKfr5vHSFVGowQ7C80HbhMtNtOFgQGwT/vgUaOeSMBVBbDIa\nPcG2F1yR1Wq11xBD8qXkZu0Rq92RBoKCGhdTs30AYhhpp3f5l+EX+YJmlsVHtCb4\nDuVoOYe9lTOKWDpT9dJEIHVFSirGhRIV/zTRqvyDc+qtyWSDfwKReUxsAw8LQPLx\naQjVbbOFhsew+UMIqjpzupy4eYsVjGEDrSr0BSi1TdcqGFjFz+9KQ/knluhdicgl\nx8ncQONImUpSVWwhM3D8S++jsS2pAmEhBT9UA9DH93dgvidmLVnUob6qHWMxUt8o\ngtZwNXnjA0WwWhCXiF0+K4dY6wn9Uv0bFZWnTQJa+6Zd7kMrN6+p3D8CpRcDxeSy\nhgBAOdLBYNbsIrexgsBv2PI1Vyzl1s2ZFFTcNe/tbOHlwZIt7LTINRF/eLrEgt8k\nNtrFd+qlZvdHtf0kDNKleZ49777hAllc2WIhDQhfwDhqqWr+cJa2/Sbt2/olhKOQ\nzwL3o3dIZjsxAAABAQDP2mMLhUYzYdTS48naZUtFbpn2hvuEhOmFiDEjH7fVs/Q8\n4dMIuttyRhPm2dfwzbgAVX1wXjaGLEy0arBG0fnDsuwehnV2FPYlCuqrxYO/sx8K\nSnLtiPbYdRQc2AINW6j+j8RUnqjZPXoCXAZS3Qs5bpwdnEHhHbKNDfLAA/3GVMDY\nP59fmyc/0Px2FYEI0ZB5rtn+mZBxHLzlb7mnJZBxnbG9q+VODyK1Gq3Vmdzy7Gh5\ntCnaaoSt7L71t5OJ/mCKpN/XXhBa+/B+V5NsaOuFMMWQfkiC1mllBDrdaqWxaiFz\nFyAsPFu6xSXvgRh8IT++kzdq7JFzezLXELXSug3XAAABAQDh9P7/2rNMRCQH3YEM\nexOHkBIqtGoU4FY9XCDG4NY13NBDCz1GisZnwAuMW6EU9/exyOmfAhrzKdzohRW5\ncq6gsm/2Lv7F2M0QMRbz3znqhnDWbf+bXPI7JuumUWLJhhURDaeVw7ZnWhP7Vl6g\ns9YFaYJcAjKsvuzPcm3v1go0PBlcevEmumFd3uFN91I5RLGlhJBo06IJny8mcNuk\ntXdQk5XMRyWG98esNH6aQZjTNuY4x9hOBTzyEN//Iq7xHspIyLbf8OY9lhW0zmHf\nOx7SCCGpvUnRU7UN9GxIGlg6jXRj6ChuTFZpLx6YdyhldqiSa0BOAc0AmzBsFoJ/\nX68fAAABAQDeQW77oQH4axbW2C+R0NxXuXpcFSTHe6+XwDeJJJcCboBYOvALfamN\nEdLuh+/9OKUXwXeyz1w40p6Ff/DRqYhVPi4hLsyktklNR3E/gO15f/RA1Ine8siW\ngQ9kUGrt/UVXGvb+tXA7tdvAr4tN62oklaouoDefVIsoY5qRfVrUw+OqkT9XozBa\nBBcpVx5tUpJJfGTLV6NLoe7mQDwa2apWc5tZPk6LXxA/UJ3JV9cex15fIM19v1Ra\n5tu/tsjIvffhlXqyET44BlI8dr70oK2V7dbtPQZsMwmSLl8Z8O/rxyhXTEM9VFXA\nNvNPxR4YTyKpqzCISDNKrs4UU3zxwy8ZAAAAAAEC\n-----END OPENSSH PRIVATE KEY-----\n",
            "private_key_pem": "-----BEGIN RSA PRIVATE KEY-----\nMIIJKQIBAAKCAgEAxCw2S/2CyhWxPsRf972KtnbV59y9K9zaOEngo9GdVTpM6zcE\nRxLExgcZ2NsicfwozD0WRPeiTj7GaUfZfZD8O1nCPbMRiU0BGImptexBhwkH3IJk\nbfj0P+kUhE2fvpDeMAMapSkILqS7i3LDp5qA62R3s1o1gLerUADK5wIISr6jUfja\njLqHD1315XADKYiarEaiW0TBlkwq63ePpqRzPAaxxWHToM4iFjwax/+EzhW/qxgp\nHrvN3K0/uAx9cR/RYTa46fubO3BD/dgiySvSanDt0udjC3XdtN2+iWl34yeYBXTt\nsUBRatAuGYC/d+IDlh3p7Xgm5xanHcKpqH3J5s6n1Fv+KiIxIUyL/i5JJ09RjVIm\n4Gcgwp5QkOXI+QcsZUSds+EpXXckNEeRyhCcR5sNDrB/5RdVrmi3w65yeavlc3zi\nQDtWgSszVq4jGxlPzkPD68+jTa5828c7IdJeFdBvd1g4NY1gCZYVmzoEss9PCNFz\n+5XXQE50PDr7Zs0yTZqBt/mvOQRcYGB82FOtgID6NV90iAb3PHosAnpOGF4YtCpw\nPhpK2BpdhIC0XFRrGNz0Qyd2FsDhpC2D0URfp+FnQW8/p2Mf90sIenso6sosS9Gi\nGgHZTsuCK2S0ARp3a97oq8DNQoTvIA9qD+FkoxAlfGZ6GlaJ6owh45UbywcCAwEA\nAQKCAgAJk1rnJK3ArYRkWvOQRTlDJNPWKIk3XeVs//YuKOo0Ic9lX98elQTz4Z7a\nXf/1bmiTZ5vxq+DJTvkiZHZyUaRuRThdCKOffxnBl96n2attKvyuP9MlJxTNFdSB\njMRyaeHemBgx3anflPzulqCESt9mHhZVs96OtOhw1EkTM58x/tI8Cxin6+bx0hVR\nqMEOwvNB24TLTbThYEBsE/74FGjnkjAVQWwyGj3BthdckdVqtdcQQ/Kl5GbtEavd\nkQaCghoXU7N9AGIYaad3+ZfhF/mCZpbFR7Qm+A7laDmHvZUzilg6U/XSRCB1RUoq\nxoUSFf800ar8g3Pqrclkg38CkXlMbAMPC0Dy8WkI1W2zhYbHsPlDCKo6c7qcuHmL\nFYxhA60q9AUotU3XKhhYxc/vSkP5J5boXYnIJcfJ3EDjSJlKUlVsITNw/Evvo7Et\nqQJhIQU/VAPQx/d3YL4nZi1Z1KG+qh1jMVLfKILWcDV54wNFsFoQl4hdPiuHWOsJ\n/VL9GxWVp00CWvumXe5DKzevqdw/AqUXA8XksoYAQDnSwWDW7CK3sYLAb9jyNVcs\n5dbNmRRU3DXv7Wzh5cGSLey0yDURf3i6xILfJDbaxXfqpWb3R7X9JAzSpXmePe++\n4QJZXNliIQ0IX8A4aqlq/nCWtv0m7dv6JYSjkM8C96N3SGY7MQKCAQEA4fT+/9qz\nTEQkB92BDHsTh5ASKrRqFOBWPVwgxuDWNdzQQws9RorGZ8ALjFuhFPf3scjpnwIa\n8ync6IUVuXKuoLJv9i7+xdjNEDEW89856oZw1m3/m1zyOybrplFiyYYVEQ2nlcO2\nZ1oT+1ZeoLPWBWmCXAIyrL7sz3Jt79YKNDwZXHrxJrphXd7hTfdSOUSxpYSQaNOi\nCZ8vJnDbpLV3UJOVzEclhvfHrDR+mkGY0zbmOMfYTgU88hDf/yKu8R7KSMi23/Dm\nPZYVtM5h3zse0gghqb1J0VO1DfRsSBpYOo10Y+gobkxWaS8emHcoZXaokmtATgHN\nAJswbBaCf1+vHwKCAQEA3kFu+6EB+GsW1tgvkdDcV7l6XBUkx3uvl8A3iSSXAm6A\nWDrwC32pjRHS7ofv/TilF8F3ss9cONKehX/w0amIVT4uIS7MpLZJTUdxP4DteX/0\nQNSJ3vLIloEPZFBq7f1FVxr2/rVwO7XbwK+LTetqJJWqLqA3n1SLKGOakX1a1MPj\nqpE/V6MwWgQXKVcebVKSSXxky1ejS6Hu5kA8GtmqVnObWT5Oi18QP1CdyVfXHsde\nXyDNfb9UWubbv7bIyL334ZV6shE+OAZSPHa+9KCtle3W7T0GbDMJki5fGfDv68co\nV0xDPVRVwDbzT8UeGE8iqaswiEgzSq7OFFN88cMvGQKCAQB7XzCH9BpnruDZZoja\njqy4HOK+bGlrYp3TvOSskgCDwj/4Cz/2rzjrVwE3LqSB9W5JpQBh8F1UnWvfjSKy\ncbqFRUg6a6hx0BEPIS5+E0jlE2iyu7aPVq1vvK13zwIYNFx2RjVVYVnLjnRQi/T4\n25gktloV8KFIjqpwDfOWuxAxOwtB4mKfGa6l+VadIkfDuw0f6YSLp9nWVRMCcyaK\nBQbTePGWatZDnjBohvUFNoHB+Ty0jfE9kECZjrsu6/oG7x/Vo7muBjNANx087l6j\n6vzGAuiWbCLM51548xbYO4Im3itJjW3d41Je9fpHlu/4jlQ2NdcTgIo1JYbHzXaN\nI2pTAoIBAQCLhzqcX+Tzxo8NC6U5foyFyhxF6MQxM7X1p6d1wnHHBgYu3blLDXW+\n6TypoM+KAeCq/DsgF0vHJHp+RuaxSSQcl6+wB0hT81grWrl+63qqNyjo9kUjoPlK\nevVlvZKTm9fHKld7af5ujenKmqnyneMB2q9/G/gvX40JKxajVbYLMnsf3pWMeBdn\nu3+q5VVlvlu2JJDGk1shpSRsilDxbkqggW06ZoI6vtBdX0ffWfTkDrdxMw+ubMoR\nUzMLtT1xwMj4ZrYjSe3skBNagBW7T5AKOskeIJyCmrvceJ4dlAOa2mm5/FeODf7T\nb+vp3U7aZfvV1nHebK0+qmUXn54lzKopAoIBAQDP2mMLhUYzYdTS48naZUtFbpn2\nhvuEhOmFiDEjH7fVs/Q84dMIuttyRhPm2dfwzbgAVX1wXjaGLEy0arBG0fnDsuwe\nhnV2FPYlCuqrxYO/sx8KSnLtiPbYdRQc2AINW6j+j8RUnqjZPXoCXAZS3Qs5bpwd\nnEHhHbKNDfLAA/3GVMDYP59fmyc/0Px2FYEI0ZB5rtn+mZBxHLzlb7mnJZBxnbG9\nq+VODyK1Gq3Vmdzy7Gh5tCnaaoSt7L71t5OJ/mCKpN/XXhBa+/B+V5NsaOuFMMWQ\nfkiC1mllBDrdaqWxaiFzFyAsPFu6xSXvgRh8IT++kzdq7JFzezLXELXSug3X\n-----END RSA PRIVATE KEY-----\n",
            "private_key_pem_pkcs8": "-----BEGIN PRIVATE KEY-----\nMIIJQwIBADANBgkqhkiG9w0BAQEFAASCCS0wggkpAgEAAoICAQDELDZL/YLKFbE+\nxF/3vYq2dtXn3L0r3No4SeCj0Z1VOkzrNwRHEsTGBxnY2yJx/CjMPRZE96JOPsZp\nR9l9kPw7WcI9sxGJTQEYiam17EGHCQfcgmRt+PQ/6RSETZ++kN4wAxqlKQgupLuL\ncsOnmoDrZHezWjWAt6tQAMrnAghKvqNR+NqMuocPXfXlcAMpiJqsRqJbRMGWTCrr\nd4+mpHM8BrHFYdOgziIWPBrH/4TOFb+rGCkeu83crT+4DH1xH9FhNrjp+5s7cEP9\n2CLJK9JqcO3S52MLdd203b6JaXfjJ5gFdO2xQFFq0C4ZgL934gOWHenteCbnFqcd\nwqmofcnmzqfUW/4qIjEhTIv+LkknT1GNUibgZyDCnlCQ5cj5ByxlRJ2z4SlddyQ0\nR5HKEJxHmw0OsH/lF1WuaLfDrnJ5q+VzfOJAO1aBKzNWriMbGU/OQ8Prz6NNrnzb\nxzsh0l4V0G93WDg1jWAJlhWbOgSyz08I0XP7lddATnQ8OvtmzTJNmoG3+a85BFxg\nYHzYU62AgPo1X3SIBvc8eiwCek4YXhi0KnA+GkrYGl2EgLRcVGsY3PRDJ3YWwOGk\nLYPRRF+n4WdBbz+nYx/3Swh6eyjqyixL0aIaAdlOy4IrZLQBGndr3uirwM1ChO8g\nD2oP4WSjECV8ZnoaVonqjCHjlRvLBwIDAQABAoICAAmTWuckrcCthGRa85BFOUMk\n09YoiTdd5Wz/9i4o6jQhz2Vf3x6VBPPhntpd//VuaJNnm/Gr4MlO+SJkdnJRpG5F\nOF0Io59/GcGX3qfZq20q/K4/0yUnFM0V1IGMxHJp4d6YGDHdqd+U/O6WoIRK32Ye\nFlWz3o606HDUSRMznzH+0jwLGKfr5vHSFVGowQ7C80HbhMtNtOFgQGwT/vgUaOeS\nMBVBbDIaPcG2F1yR1Wq11xBD8qXkZu0Rq92RBoKCGhdTs30AYhhpp3f5l+EX+YJm\nlsVHtCb4DuVoOYe9lTOKWDpT9dJEIHVFSirGhRIV/zTRqvyDc+qtyWSDfwKReUxs\nAw8LQPLxaQjVbbOFhsew+UMIqjpzupy4eYsVjGEDrSr0BSi1TdcqGFjFz+9KQ/kn\nluhdicglx8ncQONImUpSVWwhM3D8S++jsS2pAmEhBT9UA9DH93dgvidmLVnUob6q\nHWMxUt8ogtZwNXnjA0WwWhCXiF0+K4dY6wn9Uv0bFZWnTQJa+6Zd7kMrN6+p3D8C\npRcDxeSyhgBAOdLBYNbsIrexgsBv2PI1Vyzl1s2ZFFTcNe/tbOHlwZIt7LTINRF/\neLrEgt8kNtrFd+qlZvdHtf0kDNKleZ49777hAllc2WIhDQhfwDhqqWr+cJa2/Sbt\n2/olhKOQzwL3o3dIZjsxAoIBAQDh9P7/2rNMRCQH3YEMexOHkBIqtGoU4FY9XCDG\n4NY13NBDCz1GisZnwAuMW6EU9/exyOmfAhrzKdzohRW5cq6gsm/2Lv7F2M0QMRbz\n3znqhnDWbf+bXPI7JuumUWLJhhURDaeVw7ZnWhP7Vl6gs9YFaYJcAjKsvuzPcm3v\n1go0PBlcevEmumFd3uFN91I5RLGlhJBo06IJny8mcNuktXdQk5XMRyWG98esNH6a\nQZjTNuY4x9hOBTzyEN//Iq7xHspIyLbf8OY9lhW0zmHfOx7SCCGpvUnRU7UN9GxI\nGlg6jXRj6ChuTFZpLx6YdyhldqiSa0BOAc0AmzBsFoJ/X68fAoIBAQDeQW77oQH4\naxbW2C+R0NxXuXpcFSTHe6+XwDeJJJcCboBYOvALfamNEdLuh+/9OKUXwXeyz1w4\n0p6Ff/DRqYhVPi4hLsyktklNR3E/gO15f/RA1Ine8siWgQ9kUGrt/UVXGvb+tXA7\ntdvAr4tN62oklaouoDefVIsoY5qRfVrUw+OqkT9XozBaBBcpVx5tUpJJfGTLV6NL\noe7mQDwa2apWc5tZPk6LXxA/UJ3JV9cex15fIM19v1Ra5tu/tsjIvffhlXqyET44\nBlI8dr70oK2V7dbtPQZsMwmSLl8Z8O/rxyhXTEM9VFXANvNPxR4YTyKpqzCISDNK\nrs4UU3zxwy8ZAoIBAHtfMIf0Gmeu4NlmiNqOrLgc4r5saWtindO85KySAIPCP/gL\nP/avOOtXATcupIH1bkmlAGHwXVSda9+NIrJxuoVFSDprqHHQEQ8hLn4TSOUTaLK7\nto9WrW+8rXfPAhg0XHZGNVVhWcuOdFCL9PjbmCS2WhXwoUiOqnAN85a7EDE7C0Hi\nYp8ZrqX5Vp0iR8O7DR/phIun2dZVEwJzJooFBtN48ZZq1kOeMGiG9QU2gcH5PLSN\n8T2QQJmOuy7r+gbvH9Wjua4GM0A3HTzuXqPq/MYC6JZsIsznXnjzFtg7gibeK0mN\nbd3jUl71+keW7/iOVDY11xOAijUlhsfNdo0jalMCggEBAIuHOpxf5PPGjw0LpTl+\njIXKHEXoxDEztfWnp3XCcccGBi7duUsNdb7pPKmgz4oB4Kr8OyAXS8cken5G5rFJ\nJByXr7AHSFPzWCtauX7reqo3KOj2RSOg+Up69WW9kpOb18cqV3tp/m6N6cqaqfKd\n4wHar38b+C9fjQkrFqNVtgsyex/elYx4F2e7f6rlVWW+W7YkkMaTWyGlJGyKUPFu\nSqCBbTpmgjq+0F1fR99Z9OQOt3EzD65syhFTMwu1PXHAyPhmtiNJ7eyQE1qAFbtP\nkAo6yR4gnIKau9x4nh2UA5raabn8V44N/tNv6+ndTtpl+9XWcd5srT6qZRefniXM\nqikCggEBAM/aYwuFRjNh1NLjydplS0VumfaG+4SE6YWIMSMft9Wz9Dzh0wi623JG\nE+bZ1/DNuABVfXBeNoYsTLRqsEbR+cOy7B6GdXYU9iUK6qvFg7+zHwpKcu2I9th1\nFBzYAg1bqP6PxFSeqNk9egJcBlLdCzlunB2cQeEdso0N8sAD/cZUwNg/n1+bJz/Q\n/HYVgQjRkHmu2f6ZkHEcvOVvuaclkHGdsb2r5U4PIrUardWZ3PLsaHm0KdpqhK3s\nvvW3k4n+YIqk39deEFr78H5Xk2xo64UwxZB+SILWaWUEOt1qpbFqIXMXICw8W7rF\nJe+BGHwhP76TN2rskXN7MtcQtdK6Ddc=\n-----END PRIVATE KEY-----\n",
            "public_key_fingerprint_md5": "e9:bf:38:04:7f:ce:3b:f3:20:2c:3c:fa:b1:aa:84:00",
            "public_key_fingerprint_sha256": "SHA256:r95ghYsE9FiWDavjeXm7rjt4V6LDND/+yiyKUtJszWg",
            "public_key_openssh": "ssh-rsa AAAAB3NzaC1yc2EAAAADAQABAAACAQDELDZL/YLKFbE+xF/3vYq2dtXn3L0r3No4SeCj0Z1VOkzrNwRHEsTGBxnY2yJx/CjMPRZE96JOPsZpR9l9kPw7WcI9sxGJTQEYiam17EGHCQfcgmRt+PQ/6RSETZ++kN4wAxqlKQgupLuLcsOnmoDrZHezWjWAt6tQAMrnAghKvqNR+NqMuocPXfXlcAMpiJqsRqJbRMGWTCrrd4+mpHM8BrHFYdOgziIWPBrH/4TOFb+rGCkeu83crT+4DH1xH9FhNrjp+5s7cEP92CLJK9JqcO3S52MLdd203b6JaXfjJ5gFdO2xQFFq0C4ZgL934gOWHenteCbnFqcdwqmofcnmzqfUW/4qIjEhTIv+LkknT1GNUibgZyDCnlCQ5cj5ByxlRJ2z4SlddyQ0R5HKEJxHmw0OsH/lF1WuaLfDrnJ5q+VzfOJAO1aBKzNWriMbGU/OQ8Prz6NNrnzbxzsh0l4V0G93WDg1jWAJlhWbOgSyz08I0XP7lddATnQ8OvtmzTJNmoG3+a85BFxgYHzYU62AgPo1X3SIBvc8eiwCek4YXhi0KnA+GkrYGl2EgLRcVGsY3PRDJ3YWwOGkLYPRRF+n4WdBbz+nYx/3Swh6eyjqyixL0aIaAdlOy4IrZLQBGndr3uirwM1ChO8gD2oP4WSjECV8ZnoaVonqjCHjlRvLBw==\n",
            "public_key_pem": "-----BEGIN PUBLIC KEY-----\nMIICIjANBgkqhkiG9w0BAQEFAAOCAg8AMIICCgKCAgEAxCw2S/2CyhWxPsRf972K\ntnbV59y9K9zaOEngo9GdVTpM6zcERxLExgcZ2NsicfwozD0WRPeiTj7GaUfZfZD8\nO1nCPbMRiU0BGImptexBhwkH3IJkbfj0P+kUhE2fvpDeMAMapSkILqS7i3LDp5qA\n62R3s1o1gLerUADK5wIISr6jUfjajLqHD1315XADKYiarEaiW0TBlkwq63ePpqRz\nPAaxxWHToM4iFjwax/+EzhW/qxgpHrvN3K0/uAx9cR/RYTa46fubO3BD/dgiySvS\nanDt0udjC3XdtN2+iWl34yeYBXTtsUBRatAuGYC/d+IDlh3p7Xgm5xanHcKpqH3J\n5s6n1Fv+KiIxIUyL/i5JJ09RjVIm4Gcgwp5QkOXI+QcsZUSds+EpXXckNEeRyhCc\nR5sNDrB/5RdVrmi3w65yeavlc3ziQDtWgSszVq4jGxlPzkPD68+jTa5828c7IdJe\nFdBvd1g4NY1gCZYVmzoEss9PCNFz+5XXQE50PDr7Zs0yTZqBt/mvOQRcYGB82FOt\ngID6NV90iAb3PHosAnpOGF4YtCpwPhpK2BpdhIC0XFRrGNz0Qyd2FsDhpC2D0URf\np+FnQW8/p2Mf90sIenso6sosS9GiGgHZTsuCK2S0ARp3a97oq8DNQoTvIA9qD+Fk\noxAlfGZ6GlaJ6owh45UbywcCAwEAAQ==\n-----END PUBLIC KEY-----\n",
            "rsa_bits": 4096
          },
          "sensitive_attributes": [
            [
              {
                "type": "get_attr",
                "value": "private_key_pem_pkcs8"
              }
            ],
            [
              {
                "type": "get_attr",
                "value": "private_key_openssh"
              }
            ],
            [
              {
                "type": "get_attr",
                "value": "private_key_pem"
              }
            ]
          ]
        }
      ]
    }
  ],
  "check_results": null
}
